
Microsoft Visual Studio Solution File, Format Version 12.00
Project("{FAE04EC0-301F-11D3-BF4B-00C04F79EFBC}") = "BlogicCMR", "BlogicCMR\BlogicCMR.csproj", "{9ABAF7F0-F02A-413F-9932-0C3B47704D36}"
EndProject
Global
	GlobalSection(SolutionConfigurationPlatforms) = preSolution
		Debug|Any CPU = Debug|Any CPU
		Release|Any CPU = Release|Any CPU
	EndGlobalSection
	GlobalSection(ProjectConfigurationPlatforms) = postSolution
		{9ABAF7F0-F02A-413F-9932-0C3B47704D36}.Debug|Any CPU.ActiveCfg = Debug|Any CPU
		{9ABAF7F0-F02A-413F-9932-0C3B47704D36}.Debug|Any CPU.Build.0 = Debug|Any CPU
		{9ABAF7F0-F02A-413F-9932-0C3B47704D36}.Release|Any CPU.ActiveCfg = Release|Any CPU
		{9ABAF7F0-F02A-413F-9932-0C3B47704D36}.Release|Any CPU.Build.0 = Release|Any CPU
	EndGlobalSection
EndGlobal
